{
  "nodes": {
    "language-rust": {
      "flake": false,
      "locked": {
        "lastModified": 1736519943,
        "narHash": "sha256-5b4PRIpNCaZiTL3M1DZsKtSJWz5PPmyMpHatB7zBe+M=",
        "owner": "GaloisInc",
        "repo": "language-rust",
        "rev": "f23c2b055217479bd3d1525dc9455d0f8bfcc394",
        "type": "github"
      },
      "original": {
        "owner": "GaloisInc",
        "repo": "language-rust",
        "type": "github"
      }
    },
    "nixpkgs": {
      "locked": {
        "lastModified": 1761114652,
        "narHash": "sha256-f/QCJM/YhrV/lavyCVz8iU3rlZun6d+dAiC3H+CDle4=",
        "owner": "nixos",
        "repo": "nixpkgs",
        "rev": "01f116e4df6a15f4ccdffb1bcd41096869fb385c",
        "type": "github"
      },
      "original": {
        "owner": "nixos",
        "ref": "nixos-unstable",
        "repo": "nixpkgs",
        "type": "github"
      }
    },
    "root": {
      "inputs": {
        "language-rust": "language-rust",
        "nixpkgs": "nixpkgs"
      }
    }
  },
  "root": "root",
  "version": 7
}
