{
  "nodes": {
    "language-rust": {
      "flake": false,
      "locked": {
        "lastModified": 1736519943,
        "narHash": "sha256-5b4PRIpNCaZiTL3M1DZsKtSJWz5PPmyMpHatB7zBe+M=",
        "owner": "GaloisInc",
        "repo": "language-rust",
        "rev": "f23c2b055217479bd3d1525dc9455d0f8bfcc394",
        "type": "github"
      },
      "original": {
        "owner": "GaloisInc",
        "repo": "language-rust",
        "type": "github"
      }
    },
    "nixpkgs": {
      "locked": {
        "lastModified": 1739446958,
        "narHash": "sha256-+/bYK3DbPxMIvSL4zArkMX0LQvS7rzBKXnDXLfKyRVc=",
        "owner": "nixos",
        "repo": "nixpkgs",
        "rev": "2ff53fe64443980e139eaa286017f53f88336dd0",
        "type": "github"
      },
      "original": {
        "owner": "nixos",
        "ref": "nixos-unstable",
        "repo": "nixpkgs",
        "type": "github"
      }
    },
    "root": {
      "inputs": {
        "language-rust": "language-rust",
        "nixpkgs": "nixpkgs"
      }
    }
  },
  "root": "root",
  "version": 7
}
